{
  "name": "@jsy-lang/nodejs",
  "version": "0.0.8",
  "lockfileVersion": 2,
  "requires": true,
  "packages": {
    "": {
      "name": "@jsy-lang/nodejs",
      "version": "0.0.8",
      "license": "BSD-2-Clause",
      "dependencies": {
        "jsy-transpile": "^0.9.10"
      },
      "bin": {
        "jsy-eval": "jsy-eval.sh",
        "jsy-zx": "jsy-zx.sh"
      },
      "devDependencies": {}
    },
    "node_modules/jsy-transpile": {
      "version": "0.9.10",
      "resolved": "https://registry.npmjs.org/jsy-transpile/-/jsy-transpile-0.9.10.tgz",
      "integrity": "sha512-QmWFzHlPLYOF4Cw9DR9OoXYOGT72+2hz4ha7fHzAxDvpInLNtbVo0zleTgtmQtq82nYAObVFJjySzqZgb7dh8g==",
      "bin": {
        "jsy-transpile": "transpile.cjs"
      }
    }
  },
  "dependencies": {
    "jsy-transpile": {
      "version": "0.9.10",
      "resolved": "https://registry.npmjs.org/jsy-transpile/-/jsy-transpile-0.9.10.tgz",
      "integrity": "sha512-QmWFzHlPLYOF4Cw9DR9OoXYOGT72+2hz4ha7fHzAxDvpInLNtbVo0zleTgtmQtq82nYAObVFJjySzqZgb7dh8g=="
    }
  }
}
