{
  "name": "@jsy-lang/nodejs",
  "version": "0.0.1",
  "lockfileVersion": 2,
  "requires": true,
  "packages": {
    "": {
      "name": "@jsy-lang/nodejs",
      "version": "0.0.1",
      "license": "BSD-2-Clause",
      "dependencies": {
        "jsy-transpile": "^0.9.5"
      },
      "devDependencies": {}
    },
    "node_modules/jsy-transpile": {
      "version": "0.9.5",
      "resolved": "https://registry.npmjs.org/jsy-transpile/-/jsy-transpile-0.9.5.tgz",
      "integrity": "sha512-dI02PNrBVYWVhbOt+SSkK1kXxnMEJkaMfJf1LwPuoORVnibqEttJnbkp7RxHvUp957f2nZUAqboWNGr94Q+bFw==",
      "bin": {
        "jsy-transpile": "transpile.cjs"
      }
    }
  },
  "dependencies": {
    "jsy-transpile": {
      "version": "0.9.5",
      "resolved": "https://registry.npmjs.org/jsy-transpile/-/jsy-transpile-0.9.5.tgz",
      "integrity": "sha512-dI02PNrBVYWVhbOt+SSkK1kXxnMEJkaMfJf1LwPuoORVnibqEttJnbkp7RxHvUp957f2nZUAqboWNGr94Q+bFw=="
    }
  }
}
