{
  "name": "@jsy-lang/nodejs",
  "version": "0.0.4",
  "lockfileVersion": 2,
  "requires": true,
  "packages": {
    "": {
      "name": "@jsy-lang/nodejs",
      "version": "0.0.4",
      "license": "BSD-2-Clause",
      "dependencies": {
        "jsy-transpile": "^0.9.9"
      },
      "devDependencies": {}
    },
    "node_modules/jsy-transpile": {
      "version": "0.9.9",
      "resolved": "https://registry.npmjs.org/jsy-transpile/-/jsy-transpile-0.9.9.tgz",
      "integrity": "sha512-WlzqY1gBpg7X9gDmjSY1Tbhom/Mnr1VnGOpa0zjFXq0/2SXnfA1P0uvkxGZMbj3UBTPSSwHAxXE/XMb/I9oZhg==",
      "bin": {
        "jsy-transpile": "transpile.cjs"
      }
    }
  },
  "dependencies": {
    "jsy-transpile": {
      "version": "0.9.9",
      "resolved": "https://registry.npmjs.org/jsy-transpile/-/jsy-transpile-0.9.9.tgz",
      "integrity": "sha512-WlzqY1gBpg7X9gDmjSY1Tbhom/Mnr1VnGOpa0zjFXq0/2SXnfA1P0uvkxGZMbj3UBTPSSwHAxXE/XMb/I9oZhg=="
    }
  }
}
